
Microsoft Visual Studio Solution File, Format Version 12.00
# Visual Studio Version 17
VisualStudioVersion = 17.9.34622.214
MinimumVisualStudioVersion = 10.0.40219.1
Project("{FAE04EC0-301F-11D3-BF4B-00C04F79EFBC}") = "ModuloApi", "ModuloApi\ModuloApi.csproj", "{CA5BE524-A014-42EE-B1C4-56D92AAC1EC6}"
EndProject
Global
	GlobalSection(SolutionConfigurationPlatforms) = preSolution
		Debug|Any CPU = Debug|Any CPU
		Release|Any CPU = Release|Any CPU
	EndGlobalSection
	GlobalSection(ProjectConfigurationPlatforms) = postSolution
		{CA5BE524-A014-42EE-B1C4-56D92AAC1EC6}.Debug|Any CPU.ActiveCfg = Debug|Any CPU
		{CA5BE524-A014-42EE-B1C4-56D92AAC1EC6}.Debug|Any CPU.Build.0 = Debug|Any CPU
		{CA5BE524-A014-42EE-B1C4-56D92AAC1EC6}.Release|Any CPU.ActiveCfg = Release|Any CPU
		{CA5BE524-A014-42EE-B1C4-56D92AAC1EC6}.Release|Any CPU.Build.0 = Release|Any CPU
	EndGlobalSection
	GlobalSection(SolutionProperties) = preSolution
		HideSolutionNode = FALSE
	EndGlobalSection
	GlobalSection(ExtensibilityGlobals) = postSolution
		SolutionGuid = {CB7DD5D5-6000-43AC-925C-E2BC17E553F4}
	EndGlobalSection
EndGlobal
